
Microsoft Visual Studio Solution File, Format Version 12.00
# Visual Studio Version 17
VisualStudioVersion = 17.13.35913.81 d17.13
MinimumVisualStudioVersion = 10.0.40219.1
Project("{FAE04EC0-301F-11D3-BF4B-00C04F79EFBC}") = "H.Necessaire.Couchbase.Lite", "H.Necessaire.Couchbase.Lite\H.Necessaire.Couchbase.Lite.csproj", "{A18D4B72-9379-431A-AD8C-967550E22443}"
EndProject
Project("{2150E333-8FDC-42A3-9474-1A3956D46DE8}") = "CLI", "CLI", "{02EA681E-C7D8-13C7-8484-4AC65E1B71E8}"
EndProject
Project("{FAE04EC0-301F-11D3-BF4B-00C04F79EFBC}") = "H.Necessaire.Couchbase.Lite.CLI", "H.Necessaire.Couchbase.Lite.CLI\H.Necessaire.Couchbase.Lite.CLI.csproj", "{091C9A50-D5D9-4803-818C-F3F123871477}"
EndProject
Global
	GlobalSection(SolutionConfigurationPlatforms) = preSolution
		Debug|Any CPU = Debug|Any CPU
		Release|Any CPU = Release|Any CPU
	EndGlobalSection
	GlobalSection(ProjectConfigurationPlatforms) = postSolution
		{A18D4B72-9379-431A-AD8C-967550E22443}.Debug|Any CPU.ActiveCfg = Debug|Any CPU
		{A18D4B72-9379-431A-AD8C-967550E22443}.Debug|Any CPU.Build.0 = Debug|Any CPU
		{A18D4B72-9379-431A-AD8C-967550E22443}.Release|Any CPU.ActiveCfg = Release|Any CPU
		{A18D4B72-9379-431A-AD8C-967550E22443}.Release|Any CPU.Build.0 = Release|Any CPU
		{091C9A50-D5D9-4803-818C-F3F123871477}.Debug|Any CPU.ActiveCfg = Debug|Any CPU
		{091C9A50-D5D9-4803-818C-F3F123871477}.Debug|Any CPU.Build.0 = Debug|Any CPU
		{091C9A50-D5D9-4803-818C-F3F123871477}.Release|Any CPU.ActiveCfg = Release|Any CPU
		{091C9A50-D5D9-4803-818C-F3F123871477}.Release|Any CPU.Build.0 = Release|Any CPU
	EndGlobalSection
	GlobalSection(SolutionProperties) = preSolution
		HideSolutionNode = FALSE
	EndGlobalSection
	GlobalSection(NestedProjects) = preSolution
		{091C9A50-D5D9-4803-818C-F3F123871477} = {02EA681E-C7D8-13C7-8484-4AC65E1B71E8}
	EndGlobalSection
	GlobalSection(ExtensibilityGlobals) = postSolution
		SolutionGuid = {362574BC-1CE6-4BD8-839B-02BE1900BCEA}
	EndGlobalSection
EndGlobal
