
Microsoft Visual Studio Solution File, Format Version 12.00
# Visual Studio Version 16
VisualStudioVersion = 16.0.30907.101
MinimumVisualStudioVersion = 10.0.40219.1
Project("{9A19103F-16F7-4668-BE54-9A1E7A4F7556}") = "H.Necessaire", "H.Necessaire\H.Necessaire.csproj", "{CE166913-4075-489D-ACFA-24C471E9869E}"
EndProject
Project("{2150E333-8FDC-42A3-9474-1A3956D46DE8}") = "Testicles", "Testicles", "{D39FD7F7-691E-448C-9309-FCBB03E26CAD}"
EndProject
Project("{9A19103F-16F7-4668-BE54-9A1E7A4F7556}") = "H.Necessaire.Testicles.Unit", "Testicles\H.Necessaire.Testicles.Unit\H.Necessaire.Testicles.Unit.csproj", "{E8B31A4D-77B5-46D2-AC69-C8430BF11113}"
EndProject
Project("{FAE04EC0-301F-11D3-BF4B-00C04F79EFBC}") = "H.Necessaire.BridgeDotNet", "H.Necessaire.BridgeDotNet\H.Necessaire.BridgeDotNet.csproj", "{72DE3916-3D84-4185-8F21-8510E2EB1A6C}"
EndProject
Project("{9A19103F-16F7-4668-BE54-9A1E7A4F7556}") = "H.Necessaire.Dapper", "H.Necessaire.Dapper\H.Necessaire.Dapper.csproj", "{24B70F05-E06B-4A6E-933A-C32BD8D1E786}"
EndProject
Project("{9A19103F-16F7-4668-BE54-9A1E7A4F7556}") = "H.Necessaire.Serialization", "H.Necessaire.Serialization\H.Necessaire.Serialization.csproj", "{37DE258F-D052-45FC-9D7E-3FBCE9F81209}"
EndProject
Project("{9A19103F-16F7-4668-BE54-9A1E7A4F7556}") = "H.Necessaire.Notification", "H.Necessaire.Notification\H.Necessaire.Notification.csproj", "{0E372EC8-0C4B-42DE-A474-FCB799DC0EF0}"
EndProject
Project("{9A19103F-16F7-4668-BE54-9A1E7A4F7556}") = "H.Necessaire.WebSockets", "H.Necessaire.WebSockets\H.Necessaire.WebSockets.csproj", "{4C67C91D-61CF-4900-A5F7-8647F6E9444C}"
EndProject
Project("{9A19103F-16F7-4668-BE54-9A1E7A4F7556}") = "H.Necessaire.WebHooks", "H.Necessaire.WebHooks\H.Necessaire.WebHooks.csproj", "{ED6F922C-EB7C-46D1-AD77-59DC05105492}"
EndProject
Project("{2150E333-8FDC-42A3-9474-1A3956D46DE8}") = "RAD", "RAD", "{382E206E-21B0-4973-B5C8-0B1705BE3A09}"
EndProject
Project("{9A19103F-16F7-4668-BE54-9A1E7A4F7556}") = "H.Necessaire.Runtime", "H.Necessaire.Runtime\H.Necessaire.Runtime.csproj", "{DB007042-3C65-42C5-9106-75A8219A4B22}"
EndProject
Project("{9A19103F-16F7-4668-BE54-9A1E7A4F7556}") = "H.Necessaire.RavenDB", "H.Necessaire.RavenDB\H.Necessaire.RavenDB.csproj", "{07B9EDAD-B1DE-44A2-AFEC-275FABF9F052}"
EndProject
Project("{9A19103F-16F7-4668-BE54-9A1E7A4F7556}") = "H.Necessaire.Runtime.RavenDB", "H.Necessaire.Runtime.RavenDB\H.Necessaire.Runtime.RavenDB.csproj", "{9267C971-CD06-4274-A5E5-3CEC412C350B}"
EndProject
Project("{FAE04EC0-301F-11D3-BF4B-00C04F79EFBC}") = "H.Necessaire.Runtime.Integration.NetCore", "H.Necessaire.Runtime.Integration.NetCore\H.Necessaire.Runtime.Integration.NetCore.csproj", "{F09F8A9B-A208-4ADC-A234-9E21E72C17C6}"
EndProject
Global
	GlobalSection(SolutionConfigurationPlatforms) = preSolution
		Debug|Any CPU = Debug|Any CPU
		Release|Any CPU = Release|Any CPU
	EndGlobalSection
	GlobalSection(ProjectConfigurationPlatforms) = postSolution
		{CE166913-4075-489D-ACFA-24C471E9869E}.Debug|Any CPU.ActiveCfg = Debug|Any CPU
		{CE166913-4075-489D-ACFA-24C471E9869E}.Debug|Any CPU.Build.0 = Debug|Any CPU
		{CE166913-4075-489D-ACFA-24C471E9869E}.Release|Any CPU.ActiveCfg = Release|Any CPU
		{CE166913-4075-489D-ACFA-24C471E9869E}.Release|Any CPU.Build.0 = Release|Any CPU
		{E8B31A4D-77B5-46D2-AC69-C8430BF11113}.Debug|Any CPU.ActiveCfg = Debug|Any CPU
		{E8B31A4D-77B5-46D2-AC69-C8430BF11113}.Debug|Any CPU.Build.0 = Debug|Any CPU
		{E8B31A4D-77B5-46D2-AC69-C8430BF11113}.Release|Any CPU.ActiveCfg = Release|Any CPU
		{E8B31A4D-77B5-46D2-AC69-C8430BF11113}.Release|Any CPU.Build.0 = Release|Any CPU
		{72DE3916-3D84-4185-8F21-8510E2EB1A6C}.Debug|Any CPU.ActiveCfg = Debug|Any CPU
		{72DE3916-3D84-4185-8F21-8510E2EB1A6C}.Debug|Any CPU.Build.0 = Debug|Any CPU
		{72DE3916-3D84-4185-8F21-8510E2EB1A6C}.Release|Any CPU.ActiveCfg = Release|Any CPU
		{72DE3916-3D84-4185-8F21-8510E2EB1A6C}.Release|Any CPU.Build.0 = Release|Any CPU
		{24B70F05-E06B-4A6E-933A-C32BD8D1E786}.Debug|Any CPU.ActiveCfg = Debug|Any CPU
		{24B70F05-E06B-4A6E-933A-C32BD8D1E786}.Debug|Any CPU.Build.0 = Debug|Any CPU
		{24B70F05-E06B-4A6E-933A-C32BD8D1E786}.Release|Any CPU.ActiveCfg = Release|Any CPU
		{24B70F05-E06B-4A6E-933A-C32BD8D1E786}.Release|Any CPU.Build.0 = Release|Any CPU
		{37DE258F-D052-45FC-9D7E-3FBCE9F81209}.Debug|Any CPU.ActiveCfg = Debug|Any CPU
		{37DE258F-D052-45FC-9D7E-3FBCE9F81209}.Debug|Any CPU.Build.0 = Debug|Any CPU
		{37DE258F-D052-45FC-9D7E-3FBCE9F81209}.Release|Any CPU.ActiveCfg = Release|Any CPU
		{37DE258F-D052-45FC-9D7E-3FBCE9F81209}.Release|Any CPU.Build.0 = Release|Any CPU
		{0E372EC8-0C4B-42DE-A474-FCB799DC0EF0}.Debug|Any CPU.ActiveCfg = Debug|Any CPU
		{0E372EC8-0C4B-42DE-A474-FCB799DC0EF0}.Debug|Any CPU.Build.0 = Debug|Any CPU
		{0E372EC8-0C4B-42DE-A474-FCB799DC0EF0}.Release|Any CPU.ActiveCfg = Release|Any CPU
		{0E372EC8-0C4B-42DE-A474-FCB799DC0EF0}.Release|Any CPU.Build.0 = Release|Any CPU
		{4C67C91D-61CF-4900-A5F7-8647F6E9444C}.Debug|Any CPU.ActiveCfg = Debug|Any CPU
		{4C67C91D-61CF-4900-A5F7-8647F6E9444C}.Debug|Any CPU.Build.0 = Debug|Any CPU
		{4C67C91D-61CF-4900-A5F7-8647F6E9444C}.Release|Any CPU.ActiveCfg = Release|Any CPU
		{4C67C91D-61CF-4900-A5F7-8647F6E9444C}.Release|Any CPU.Build.0 = Release|Any CPU
		{ED6F922C-EB7C-46D1-AD77-59DC05105492}.Debug|Any CPU.ActiveCfg = Debug|Any CPU
		{ED6F922C-EB7C-46D1-AD77-59DC05105492}.Debug|Any CPU.Build.0 = Debug|Any CPU
		{ED6F922C-EB7C-46D1-AD77-59DC05105492}.Release|Any CPU.ActiveCfg = Release|Any CPU
		{ED6F922C-EB7C-46D1-AD77-59DC05105492}.Release|Any CPU.Build.0 = Release|Any CPU
		{DB007042-3C65-42C5-9106-75A8219A4B22}.Debug|Any CPU.ActiveCfg = Debug|Any CPU
		{DB007042-3C65-42C5-9106-75A8219A4B22}.Debug|Any CPU.Build.0 = Debug|Any CPU
		{DB007042-3C65-42C5-9106-75A8219A4B22}.Release|Any CPU.ActiveCfg = Release|Any CPU
		{DB007042-3C65-42C5-9106-75A8219A4B22}.Release|Any CPU.Build.0 = Release|Any CPU
		{07B9EDAD-B1DE-44A2-AFEC-275FABF9F052}.Debug|Any CPU.ActiveCfg = Debug|Any CPU
		{07B9EDAD-B1DE-44A2-AFEC-275FABF9F052}.Debug|Any CPU.Build.0 = Debug|Any CPU
		{07B9EDAD-B1DE-44A2-AFEC-275FABF9F052}.Release|Any CPU.ActiveCfg = Release|Any CPU
		{07B9EDAD-B1DE-44A2-AFEC-275FABF9F052}.Release|Any CPU.Build.0 = Release|Any CPU
		{9267C971-CD06-4274-A5E5-3CEC412C350B}.Debug|Any CPU.ActiveCfg = Debug|Any CPU
		{9267C971-CD06-4274-A5E5-3CEC412C350B}.Debug|Any CPU.Build.0 = Debug|Any CPU
		{9267C971-CD06-4274-A5E5-3CEC412C350B}.Release|Any CPU.ActiveCfg = Release|Any CPU
		{9267C971-CD06-4274-A5E5-3CEC412C350B}.Release|Any CPU.Build.0 = Release|Any CPU
		{F09F8A9B-A208-4ADC-A234-9E21E72C17C6}.Debug|Any CPU.ActiveCfg = Debug|Any CPU
		{F09F8A9B-A208-4ADC-A234-9E21E72C17C6}.Debug|Any CPU.Build.0 = Debug|Any CPU
		{F09F8A9B-A208-4ADC-A234-9E21E72C17C6}.Release|Any CPU.ActiveCfg = Release|Any CPU
		{F09F8A9B-A208-4ADC-A234-9E21E72C17C6}.Release|Any CPU.Build.0 = Release|Any CPU
	EndGlobalSection
	GlobalSection(SolutionProperties) = preSolution
		HideSolutionNode = FALSE
	EndGlobalSection
	GlobalSection(NestedProjects) = preSolution
		{E8B31A4D-77B5-46D2-AC69-C8430BF11113} = {D39FD7F7-691E-448C-9309-FCBB03E26CAD}
		{DB007042-3C65-42C5-9106-75A8219A4B22} = {382E206E-21B0-4973-B5C8-0B1705BE3A09}
		{9267C971-CD06-4274-A5E5-3CEC412C350B} = {382E206E-21B0-4973-B5C8-0B1705BE3A09}
		{F09F8A9B-A208-4ADC-A234-9E21E72C17C6} = {382E206E-21B0-4973-B5C8-0B1705BE3A09}
	EndGlobalSection
	GlobalSection(ExtensibilityGlobals) = postSolution
		SolutionGuid = {52A5ABFD-D5C1-4438-AA09-AACE151366B9}
	EndGlobalSection
EndGlobal
